// !$*UTF8*$!
{
	archiveVersion = 1;
	classes = {
	};
	objectVersion = 51;
	objects = {

/* Begin PBXBuildFile section */
		C0F9922A9FDB61D541F16D7E /* Pods_WorkoutTracker.framework in Frameworks */ = {isa = PBXBuildFile; fileRef = 44026E5E03ED00345F877019 /* Pods_WorkoutTracker.framework */; };
		F040E69A24E8A52E00DFF22C /* NewWorkoutViewController.m in Sources */ = {isa = PBXBuildFile; fileRef = F040E69924E8A52E00DFF22C /* NewWorkoutViewController.m */; };
		F040E6A024E8B56400DFF22C /* Workout.m in Sources */ = {isa = PBXBuildFile; fileRef = F040E69F24E8B56400DFF22C /* Workout.m */; };
		F07E451024E3751C0007CF6E /* AppDelegate.m in Sources */ = {isa = PBXBuildFile; fileRef = F07E450F24E3751C0007CF6E /* AppDelegate.m */; };
		F07E451324E3751C0007CF6E /* SceneDelegate.m in Sources */ = {isa = PBXBuildFile; fileRef = F07E451224E3751C0007CF6E /* SceneDelegate.m */; };
		F07E451624E3751C0007CF6E /* WorkoutsViewController.m in Sources */ = {isa = PBXBuildFile; fileRef = F07E451524E3751C0007CF6E /* WorkoutsViewController.m */; };
		F07E451924E3751C0007CF6E /* AnalyticsViewController.m in Sources */ = {isa = PBXBuildFile; fileRef = F07E451824E3751C0007CF6E /* AnalyticsViewController.m */; };
		F07E451C24E3751C0007CF6E /* Main.storyboard in Resources */ = {isa = PBXBuildFile; fileRef = F07E451A24E3751C0007CF6E /* Main.storyboard */; };
		F07E451E24E3751D0007CF6E /* Assets.xcassets in Resources */ = {isa = PBXBuildFile; fileRef = F07E451D24E3751D0007CF6E /* Assets.xcassets */; };
		F07E452124E3751D0007CF6E /* LaunchScreen.storyboard in Resources */ = {isa = PBXBuildFile; fileRef = F07E451F24E3751D0007CF6E /* LaunchScreen.storyboard */; };
		F07E452424E3751D0007CF6E /* main.m in Sources */ = {isa = PBXBuildFile; fileRef = F07E452324E3751D0007CF6E /* main.m */; };
		F0A952D524E88D7A00013DBF /* WorkoutType.m in Sources */ = {isa = PBXBuildFile; fileRef = F0A952D424E88D7A00013DBF /* WorkoutType.m */; };
/* End PBXBuildFile section */

/* Begin PBXFileReference section */
		15AEE24EABFE93DC86D4FBBC /* Pods-WorkoutTracker.release.xcconfig */ = {isa = PBXFileReference; includeInIndex = 1; lastKnownFileType = text.xcconfig; name = "Pods-WorkoutTracker.release.xcconfig"; path = "Target Support Files/Pods-WorkoutTracker/Pods-WorkoutTracker.release.xcconfig"; sourceTree = "<group>"; };
		44026E5E03ED00345F877019 /* Pods_WorkoutTracker.framework */ = {isa = PBXFileReference; explicitFileType = wrapper.framework; includeInIndex = 0; path = Pods_WorkoutTracker.framework; sourceTree = BUILT_PRODUCTS_DIR; };
		6A89AB8E31F73DFF2DFC8837 /* Pods-WorkoutTracker.debug.xcconfig */ = {isa = PBXFileReference; includeInIndex = 1; lastKnownFileType = text.xcconfig; name = "Pods-WorkoutTracker.debug.xcconfig"; path = "Target Support Files/Pods-WorkoutTracker/Pods-WorkoutTracker.debug.xcconfig"; sourceTree = "<group>"; };
		F040E69824E8A52E00DFF22C /* NewWorkoutViewController.h */ = {isa = PBXFileReference; fileEncoding = 4; lastKnownFileType = sourcecode.c.h; path = NewWorkoutViewController.h; sourceTree = "<group>"; };
		F040E69924E8A52E00DFF22C /* NewWorkoutViewController.m */ = {isa = PBXFileReference; fileEncoding = 4; lastKnownFileType = sourcecode.c.objc; path = NewWorkoutViewController.m; sourceTree = "<group>"; };
		F040E69E24E8B56400DFF22C /* Workout.h */ = {isa = PBXFileReference; lastKnownFileType = sourcecode.c.h; path = Workout.h; sourceTree = "<group>"; };
		F040E69F24E8B56400DFF22C /* Workout.m */ = {isa = PBXFileReference; lastKnownFileType = sourcecode.c.objc; path = Workout.m; sourceTree = "<group>"; };
		F07E450B24E3751C0007CF6E /* WorkoutTracker.app */ = {isa = PBXFileReference; explicitFileType = wrapper.application; includeInIndex = 0; path = WorkoutTracker.app; sourceTree = BUILT_PRODUCTS_DIR; };
		F07E450E24E3751C0007CF6E /* AppDelegate.h */ = {isa = PBXFileReference; lastKnownFileType = sourcecode.c.h; path = AppDelegate.h; sourceTree = "<group>"; };
		F07E450F24E3751C0007CF6E /* AppDelegate.m */ = {isa = PBXFileReference; lastKnownFileType = sourcecode.c.objc; path = AppDelegate.m; sourceTree = "<group>"; };
		F07E451124E3751C0007CF6E /* SceneDelegate.h */ = {isa = PBXFileReference; lastKnownFileType = sourcecode.c.h; path = SceneDelegate.h; sourceTree = "<group>"; };
		F07E451224E3751C0007CF6E /* SceneDelegate.m */ = {isa = PBXFileReference; lastKnownFileType = sourcecode.c.objc; path = SceneDelegate.m; sourceTree = "<group>"; };
		F07E451424E3751C0007CF6E /* WorkoutsViewController.h */ = {isa = PBXFileReference; lastKnownFileType = sourcecode.c.h; path = WorkoutsViewController.h; sourceTree = "<group>"; };
		F07E451524E3751C0007CF6E /* WorkoutsViewController.m */ = {isa = PBXFileReference; lastKnownFileType = sourcecode.c.objc; path = WorkoutsViewController.m; sourceTree = "<group>"; };
		F07E451724E3751C0007CF6E /* AnalyticsViewController.h */ = {isa = PBXFileReference; lastKnownFileType = sourcecode.c.h; path = AnalyticsViewController.h; sourceTree = "<group>"; };
		F07E451824E3751C0007CF6E /* AnalyticsViewController.m */ = {isa = PBXFileReference; lastKnownFileType = sourcecode.c.objc; path = AnalyticsViewController.m; sourceTree = "<group>"; };
		F07E451B24E3751C0007CF6E /* Base */ = {isa = PBXFileReference; lastKnownFileType = file.storyboard; name = Base; path = Base.lproj/Main.storyboard; sourceTree = "<group>"; };
		F07E451D24E3751D0007CF6E /* Assets.xcassets */ = {isa = PBXFileReference; lastKnownFileType = folder.assetcatalog; path = Assets.xcassets; sourceTree = "<group>"; };
		F07E452024E3751D0007CF6E /* Base */ = {isa = PBXFileReference; lastKnownFileType = file.storyboard; name = Base; path = Base.lproj/LaunchScreen.storyboard; sourceTree = "<group>"; };
		F07E452224E3751D0007CF6E /* Info.plist */ = {isa = PBXFileReference; lastKnownFileType = text.plist.xml; path = Info.plist; sourceTree = "<group>"; };
		F07E452324E3751D0007CF6E /* main.m */ = {isa = PBXFileReference; lastKnownFileType = sourcecode.c.objc; path = main.m; sourceTree = "<group>"; };
		F0A952D324E88D7A00013DBF /* WorkoutType.h */ = {isa = PBXFileReference; lastKnownFileType = sourcecode.c.h; path = WorkoutType.h; sourceTree = "<group>"; };
		F0A952D424E88D7A00013DBF /* WorkoutType.m */ = {isa = PBXFileReference; lastKnownFileType = sourcecode.c.objc; path = WorkoutType.m; sourceTree = "<group>"; };
		F0A952D624E88DD700013DBF /* PrefixHeader.pch */ = {isa = PBXFileReference; lastKnownFileType = sourcecode.c.h; path = PrefixHeader.pch; sourceTree = "<group>"; };
/* End PBXFileReference section */

/* Begin PBXFrameworksBuildPhase section */
		F07E450824E3751C0007CF6E /* Frameworks */ = {
			isa = PBXFrameworksBuildPhase;
			buildActionMask = 2147483647;
			files = (
				C0F9922A9FDB61D541F16D7E /* Pods_WorkoutTracker.framework in Frameworks */,
			);
			runOnlyForDeploymentPostprocessing = 0;
		};
/* End PBXFrameworksBuildPhase section */

/* Begin PBXGroup section */
		9A2E8AF98B360066A0DEC089 /* Frameworks */ = {
			isa = PBXGroup;
			children = (
				44026E5E03ED00345F877019 /* Pods_WorkoutTracker.framework */,
			);
			name = Frameworks;
			sourceTree = "<group>";
		};
		E9EBCAAF09FF5D941499070F /* Pods */ = {
			isa = PBXGroup;
			children = (
				6A89AB8E31F73DFF2DFC8837 /* Pods-WorkoutTracker.debug.xcconfig */,
				15AEE24EABFE93DC86D4FBBC /* Pods-WorkoutTracker.release.xcconfig */,
			);
			path = Pods;
			sourceTree = "<group>";
		};
		F07E450224E3751C0007CF6E = {
			isa = PBXGroup;
			children = (
				F07E450D24E3751C0007CF6E /* WorkoutTracker */,
				F07E450C24E3751C0007CF6E /* Products */,
				E9EBCAAF09FF5D941499070F /* Pods */,
				9A2E8AF98B360066A0DEC089 /* Frameworks */,
			);
			sourceTree = "<group>";
		};
		F07E450C24E3751C0007CF6E /* Products */ = {
			isa = PBXGroup;
			children = (
				F07E450B24E3751C0007CF6E /* WorkoutTracker.app */,
			);
			name = Products;
			sourceTree = "<group>";
		};
		F07E450D24E3751C0007CF6E /* WorkoutTracker */ = {
			isa = PBXGroup;
			children = (
				F040E69824E8A52E00DFF22C /* NewWorkoutViewController.h */,
				F040E69924E8A52E00DFF22C /* NewWorkoutViewController.m */,
				F0A952D324E88D7A00013DBF /* WorkoutType.h */,
				F0A952D424E88D7A00013DBF /* WorkoutType.m */,
				F040E69E24E8B56400DFF22C /* Workout.h */,
				F040E69F24E8B56400DFF22C /* Workout.m */,
				F07E450E24E3751C0007CF6E /* AppDelegate.h */,
				F07E450F24E3751C0007CF6E /* AppDelegate.m */,
				F07E451124E3751C0007CF6E /* SceneDelegate.h */,
				F07E451224E3751C0007CF6E /* SceneDelegate.m */,
				F07E451424E3751C0007CF6E /* WorkoutsViewController.h */,
				F07E451524E3751C0007CF6E /* WorkoutsViewController.m */,
				F07E451724E3751C0007CF6E /* AnalyticsViewController.h */,
				F07E451824E3751C0007CF6E /* AnalyticsViewController.m */,
				F07E451A24E3751C0007CF6E /* Main.storyboard */,
				F07E451D24E3751D0007CF6E /* Assets.xcassets */,
				F07E451F24E3751D0007CF6E /* LaunchScreen.storyboard */,
				F07E452224E3751D0007CF6E /* Info.plist */,
				F07E452324E3751D0007CF6E /* main.m */,
				F0A952D624E88DD700013DBF /* PrefixHeader.pch */,
			);
			path = WorkoutTracker;
			sourceTree = "<group>";
		};
/* End PBXGroup section */

/* Begin PBXNativeTarget section */
		F07E450A24E3751C0007CF6E /* WorkoutTracker */ = {
			isa = PBXNativeTarget;
			buildConfigurationList = F07E452724E3751D0007CF6E /* Build configuration list for PBXNativeTarget "WorkoutTracker" */;
			buildPhases = (
				EEC9231F9952FEC4C447061E /* [CP] Check Pods Manifest.lock */,
				F07E450724E3751C0007CF6E /* Sources */,
				F07E450824E3751C0007CF6E /* Frameworks */,
				F07E450924E3751C0007CF6E /* Resources */,
				725F0F8EDCB74127D8BB59FC /* [CP] Embed Pods Frameworks */,
			);
			buildRules = (
			);
			dependencies = (
			);
			name = WorkoutTracker;
			productName = WorkoutTracker;
			productReference = F07E450B24E3751C0007CF6E /* WorkoutTracker.app */;
			productType = "com.apple.product-type.application";
		};
/* End PBXNativeTarget section */

/* Begin PBXProject section */
		F07E450324E3751C0007CF6E /* Project object */ = {
			isa = PBXProject;
			attributes = {
				LastUpgradeCheck = 1160;
				ORGANIZATIONNAME = "David Guilfoyle";
				TargetAttributes = {
					F07E450A24E3751C0007CF6E = {
						CreatedOnToolsVersion = 11.6;
					};
				};
			};
			buildConfigurationList = F07E450624E3751C0007CF6E /* Build configuration list for PBXProject "WorkoutTracker" */;
			compatibilityVersion = "Xcode 9.3";
			developmentRegion = en;
			hasScannedForEncodings = 0;
			knownRegions = (
				en,
				Base,
			);
			mainGroup = F07E450224E3751C0007CF6E;
			productRefGroup = F07E450C24E3751C0007CF6E /* Products */;
			projectDirPath = "";
			projectRoot = "";
			targets = (
				F07E450A24E3751C0007CF6E /* WorkoutTracker */,
			);
		};
/* End PBXProject section */

/* Begin PBXResourcesBuildPhase section */
		F07E450924E3751C0007CF6E /* Resources */ = {
			isa = PBXResourcesBuildPhase;
			buildActionMask = 2147483647;
			files = (
				F07E452124E3751D0007CF6E /* LaunchScreen.storyboard in Resources */,
				F07E451E24E3751D0007CF6E /* Assets.xcassets in Resources */,
				F07E451C24E3751C0007CF6E /* Main.storyboard in Resources */,
			);
			runOnlyForDeploymentPostprocessing = 0;
		};
/* End PBXResourcesBuildPhase section */

/* Begin PBXShellScriptBuildPhase section */
		725F0F8EDCB74127D8BB59FC /* [CP] Embed Pods Frameworks */ = {
			isa = PBXShellScriptBuildPhase;
			buildActionMask = 2147483647;
			files = (
			);
			inputFileListPaths = (
				"${PODS_ROOT}/Target Support Files/Pods-WorkoutTracker/Pods-WorkoutTracker-frameworks-${CONFIGURATION}-input-files.xcfilelist",
			);
			name = "[CP] Embed Pods Frameworks";
			outputFileListPaths = (
				"${PODS_ROOT}/Target Support Files/Pods-WorkoutTracker/Pods-WorkoutTracker-frameworks-${CONFIGURATION}-output-files.xcfilelist",
			);
			runOnlyForDeploymentPostprocessing = 0;
			shellPath = /bin/sh;
			shellScript = "\"${PODS_ROOT}/Target Support Files/Pods-WorkoutTracker/Pods-WorkoutTracker-frameworks.sh\"\n";
			showEnvVarsInLog = 0;
		};
		EEC9231F9952FEC4C447061E /* [CP] Check Pods Manifest.lock */ = {
			isa = PBXShellScriptBuildPhase;
			buildActionMask = 2147483647;
			files = (
			);
			inputFileListPaths = (
			);
			inputPaths = (
				"${PODS_PODFILE_DIR_PATH}/Podfile.lock",
				"${PODS_ROOT}/Manifest.lock",
			);
			name = "[CP] Check Pods Manifest.lock";
			outputFileListPaths = (
			);
			outputPaths = (
				"$(DERIVED_FILE_DIR)/Pods-WorkoutTracker-checkManifestLockResult.txt",
			);
			runOnlyForDeploymentPostprocessing = 0;
			shellPath = /bin/sh;
			shellScript = "diff \"${PODS_PODFILE_DIR_PATH}/Podfile.lock\" \"${PODS_ROOT}/Manifest.lock\" > /dev/null\nif [ $? != 0 ] ; then\n    # print error to STDERR\n    echo \"error: The sandbox is not in sync with the Podfile.lock. Run 'pod install' or update your CocoaPods installation.\" >&2\n    exit 1\nfi\n# This output is used by Xcode 'outputs' to avoid re-running this script phase.\necho \"SUCCESS\" > \"${SCRIPT_OUTPUT_FILE_0}\"\n";
			showEnvVarsInLog = 0;
		};
/* End PBXShellScriptBuildPhase section */

/* Begin PBXSourcesBuildPhase section */
		F07E450724E3751C0007CF6E /* Sources */ = {
			isa = PBXSourcesBuildPhase;
			buildActionMask = 2147483647;
			files = (
				F07E452424E3751D0007CF6E /* main.m in Sources */,
				F040E69A24E8A52E00DFF22C /* NewWorkoutViewController.m in Sources */,
				F07E451924E3751C0007CF6E /* AnalyticsViewController.m in Sources */,
				F07E451024E3751C0007CF6E /* AppDelegate.m in Sources */,
				F07E451624E3751C0007CF6E /* WorkoutsViewController.m in Sources */,
				F07E451324E3751C0007CF6E /* SceneDelegate.m in Sources */,
				F0A952D524E88D7A00013DBF /* WorkoutType.m in Sources */,
				F040E6A024E8B56400DFF22C /* Workout.m in Sources */,
			);
			runOnlyForDeploymentPostprocessing = 0;
		};
/* End PBXSourcesBuildPhase section */

/* Begin PBXVariantGroup section */
		F07E451A24E3751C0007CF6E /* Main.storyboard */ = {
			isa = PBXVariantGroup;
			children = (
				F07E451B24E3751C0007CF6E /* Base */,
			);
			name = Main.storyboard;
			sourceTree = "<group>";
		};
		F07E451F24E3751D0007CF6E /* LaunchScreen.storyboard */ = {
			isa = PBXVariantGroup;
			children = (
				F07E452024E3751D0007CF6E /* Base */,
			);
			name = LaunchScreen.storyboard;
			sourceTree = "<group>";
		};
/* End PBXVariantGroup section */

/* Begin XCBuildConfiguration section */
		F07E452524E3751D0007CF6E /* Debug */ = {
			isa = XCBuildConfiguration;
			buildSettings = {
				ALWAYS_SEARCH_USER_PATHS = NO;
				CLANG_ANALYZER_NONNULL = YES;
				CLANG_ANALYZER_NUMBER_OBJECT_CONVERSION = YES_AGGRESSIVE;
				CLANG_CXX_LANGUAGE_STANDARD = "gnu++14";
				CLANG_CXX_LIBRARY = "libc++";
				CLANG_ENABLE_MODULES = YES;
				CLANG_ENABLE_OBJC_ARC = YES;
				CLANG_ENABLE_OBJC_WEAK = YES;
				CLANG_WARN_BLOCK_CAPTURE_AUTORELEASING = YES;
				CLANG_WARN_BOOL_CONVERSION = YES;
				CLANG_WARN_COMMA = YES;
				CLANG_WARN_CONSTANT_CONVERSION = YES;
				CLANG_WARN_DEPRECATED_OBJC_IMPLEMENTATIONS = YES;
				CLANG_WARN_DIRECT_OBJC_ISA_USAGE = YES_ERROR;
				CLANG_WARN_DOCUMENTATION_COMMENTS = YES;
				CLANG_WARN_EMPTY_BODY = YES;
				CLANG_WARN_ENUM_CONVERSION = YES;
				CLANG_WARN_INFINITE_RECURSION = YES;
				CLANG_WARN_INT_CONVERSION = YES;
				CLANG_WARN_NON_LITERAL_NULL_CONVERSION = YES;
				CLANG_WARN_OBJC_IMPLICIT_RETAIN_SELF = YES;
				CLANG_WARN_OBJC_LITERAL_CONVERSION = YES;
				CLANG_WARN_OBJC_ROOT_CLASS = YES_ERROR;
				CLANG_WARN_RANGE_LOOP_ANALYSIS = YES;
				CLANG_WARN_STRICT_PROTOTYPES = YES;
				CLANG_WARN_SUSPICIOUS_MOVE = YES;
				CLANG_WARN_UNGUARDED_AVAILABILITY = YES_AGGRESSIVE;
				CLANG_WARN_UNREACHABLE_CODE = YES;
				CLANG_WARN__DUPLICATE_METHOD_MATCH = YES;
				COPY_PHASE_STRIP = NO;
				DEBUG_INFORMATION_FORMAT = dwarf;
				ENABLE_STRICT_OBJC_MSGSEND = YES;
				ENABLE_TESTABILITY = YES;
				GCC_C_LANGUAGE_STANDARD = gnu11;
				GCC_DYNAMIC_NO_PIC = NO;
				GCC_NO_COMMON_BLOCKS = YES;
				GCC_OPTIMIZATION_LEVEL = 0;
				GCC_PREPROCESSOR_DEFINITIONS = (
					"DEBUG=1",
					"$(inherited)",
				);
				GCC_WARN_64_TO_32_BIT_CONVERSION = YES;
				GCC_WARN_ABOUT_RETURN_TYPE = YES_ERROR;
				GCC_WARN_UNDECLARED_SELECTOR = YES;
				GCC_WARN_UNINITIALIZED_AUTOS = YES_AGGRESSIVE;
				GCC_WARN_UNUSED_FUNCTION = YES;
				GCC_WARN_UNUSED_VARIABLE = YES;
				IPHONEOS_DEPLOYMENT_TARGET = 13.6;
				MTL_ENABLE_DEBUG_INFO = INCLUDE_SOURCE;
				MTL_FAST_MATH = YES;
				ONLY_ACTIVE_ARCH = YES;
				SDKROOT = iphoneos;
			};
			name = Debug;
		};
		F07E452624E3751D0007CF6E /* Release */ = {
			isa = XCBuildConfiguration;
			buildSettings = {
				ALWAYS_SEARCH_USER_PATHS = NO;
				CLANG_ANALYZER_NONNULL = YES;
				CLANG_ANALYZER_NUMBER_OBJECT_CONVERSION = YES_AGGRESSIVE;
				CLANG_CXX_LANGUAGE_STANDARD = "gnu++14";
				CLANG_CXX_LIBRARY = "libc++";
				CLANG_ENABLE_MODULES = YES;
				CLANG_ENABLE_OBJC_ARC = YES;
				CLANG_ENABLE_OBJC_WEAK = YES;
				CLANG_WARN_BLOCK_CAPTURE_AUTORELEASING = YES;
				CLANG_WARN_BOOL_CONVERSION = YES;
				CLANG_WARN_COMMA = YES;
				CLANG_WARN_CONSTANT_CONVERSION = YES;
				CLANG_WARN_DEPRECATED_OBJC_IMPLEMENTATIONS = YES;
				CLANG_WARN_DIRECT_OBJC_ISA_USAGE = YES_ERROR;
				CLANG_WARN_DOCUMENTATION_COMMENTS = YES;
				CLANG_WARN_EMPTY_BODY = YES;
				CLANG_WARN_ENUM_CONVERSION = YES;
				CLANG_WARN_INFINITE_RECURSION = YES;
				CLANG_WARN_INT_CONVERSION = YES;
				CLANG_WARN_NON_LITERAL_NULL_CONVERSION = YES;
				CLANG_WARN_OBJC_IMPLICIT_RETAIN_SELF = YES;
				CLANG_WARN_OBJC_LITERAL_CONVERSION = YES;
				CLANG_WARN_OBJC_ROOT_CLASS = YES_ERROR;
				CLANG_WARN_RANGE_LOOP_ANALYSIS = YES;
				CLANG_WARN_STRICT_PROTOTYPES = YES;
				CLANG_WARN_SUSPICIOUS_MOVE = YES;
				CLANG_WARN_UNGUARDED_AVAILABILITY = YES_AGGRESSIVE;
				CLANG_WARN_UNREACHABLE_CODE = YES;
				CLANG_WARN__DUPLICATE_METHOD_MATCH = YES;
				COPY_PHASE_STRIP = NO;
				DEBUG_INFORMATION_FORMAT = "dwarf-with-dsym";
				ENABLE_NS_ASSERTIONS = NO;
				ENABLE_STRICT_OBJC_MSGSEND = YES;
				GCC_C_LANGUAGE_STANDARD = gnu11;
				GCC_NO_COMMON_BLOCKS = YES;
				GCC_WARN_64_TO_32_BIT_CONVERSION = YES;
				GCC_WARN_ABOUT_RETURN_TYPE = YES_ERROR;
				GCC_WARN_UNDECLARED_SELECTOR = YES;
				GCC_WARN_UNINITIALIZED_AUTOS = YES_AGGRESSIVE;
				GCC_WARN_UNUSED_FUNCTION = YES;
				GCC_WARN_UNUSED_VARIABLE = YES;
				IPHONEOS_DEPLOYMENT_TARGET = 13.6;
				MTL_ENABLE_DEBUG_INFO = NO;
				MTL_FAST_MATH = YES;
				SDKROOT = iphoneos;
				VALIDATE_PRODUCT = YES;
			};
			name = Release;
		};
		F07E452824E3751D0007CF6E /* Debug */ = {
			isa = XCBuildConfiguration;
			baseConfigurationReference = 6A89AB8E31F73DFF2DFC8837 /* Pods-WorkoutTracker.debug.xcconfig */;
			buildSettings = {
				ASSETCATALOG_COMPILER_APPICON_NAME = AppIcon;
				CODE_SIGN_STYLE = Automatic;
				DEVELOPMENT_TEAM = 9RM8BN2R29;
				GCC_PREFIX_HEADER = "${SRCROOT}/WorkoutTracker/PrefixHeader.pch";
				INFOPLIST_FILE = WorkoutTracker/Info.plist;
				LD_RUNPATH_SEARCH_PATHS = (
					"$(inherited)",
					"@executable_path/Frameworks",
				);
				PRODUCT_BUNDLE_IDENTIFIER = com.davedkg.ios.WorkoutTracker;
				PRODUCT_NAME = "$(TARGET_NAME)";
				TARGETED_DEVICE_FAMILY = 1;
			};
			name = Debug;
		};
		F07E452924E3751D0007CF6E /* Release */ = {
			isa = XCBuildConfiguration;
			baseConfigurationReference = 15AEE24EABFE93DC86D4FBBC /* Pods-WorkoutTracker.release.xcconfig */;
			buildSettings = {
				ASSETCATALOG_COMPILER_APPICON_NAME = AppIcon;
				CODE_SIGN_STYLE = Automatic;
				DEVELOPMENT_TEAM = 9RM8BN2R29;
				GCC_PREFIX_HEADER = "${SRCROOT}/WorkoutTracker/PrefixHeader.pch";
				INFOPLIST_FILE = WorkoutTracker/Info.plist;
				LD_RUNPATH_SEARCH_PATHS = (
					"$(inherited)",
					"@executable_path/Frameworks",
				);
				PRODUCT_BUNDLE_IDENTIFIER = com.davedkg.ios.WorkoutTracker;
				PRODUCT_NAME = "$(TARGET_NAME)";
				TARGETED_DEVICE_FAMILY = 1;
			};
			name = Release;
		};
/* End XCBuildConfiguration section */

/* Begin XCConfigurationList section */
		F07E450624E3751C0007CF6E /* Build configuration list for PBXProject "WorkoutTracker" */ = {
			isa = XCConfigurationList;
			buildConfigurations = (
				F07E452524E3751D0007CF6E /* Debug */,
				F07E452624E3751D0007CF6E /* Release */,
			);
			defaultConfigurationIsVisible = 0;
			defaultConfigurationName = Release;
		};
		F07E452724E3751D0007CF6E /* Build configuration list for PBXNativeTarget "WorkoutTracker" */ = {
			isa = XCConfigurationList;
			buildConfigurations = (
				F07E452824E3751D0007CF6E /* Debug */,
				F07E452924E3751D0007CF6E /* Release */,
			);
			defaultConfigurationIsVisible = 0;
			defaultConfigurationName = Release;
		};
/* End XCConfigurationList section */
	};
	rootObject = F07E450324E3751C0007CF6E /* Project object */;
}
